
Microsoft Visual Studio Solution File, Format Version 12.00
# Visual Studio Version 16
VisualStudioVersion = 16.0.29324.140
MinimumVisualStudioVersion = 10.0.40219.1
Project("{2150E333-8FDC-42A3-9474-1A3956D46DE8}") = "2 - DiaryService", "2 - DiaryService", "{5DC5F7BA-292E-4AEA-8C4F-9481D260CE78}"
EndProject
Project("{2150E333-8FDC-42A3-9474-1A3956D46DE8}") = "3 - AdministrationService", "3 - AdministrationService", "{62D3AEBB-F2D2-49B3-9328-E95B7C5E2089}"
EndProject
Project("{2150E333-8FDC-42A3-9474-1A3956D46DE8}") = "1 - IdentityService", "1 - IdentityService", "{FDC7CA76-E212-427F-99D5-2906626CFF38}"
EndProject
Project("{9A19103F-16F7-4668-BE54-9A1E7A4F7556}") = "IdentityService.Api", "IdentityService\IdentityService.Api\IdentityService.Api.csproj", "{45F05BAD-7FFA-461C-8480-762B6869D8D4}"
EndProject
Project("{9A19103F-16F7-4668-BE54-9A1E7A4F7556}") = "IdentityService.Services", "IdentityService\IdentityService.Services\IdentityService.Services.csproj", "{787782F3-73FB-4BA8-99DB-DA7673CE33C7}"
EndProject
Project("{9A19103F-16F7-4668-BE54-9A1E7A4F7556}") = "IdentityService.Persistence", "IdentityService\IdentityService.Persistance\IdentityService.Persistence.csproj", "{80A42B94-0B1D-4221-ACB3-5ADFD673C717}"
EndProject
Project("{2150E333-8FDC-42A3-9474-1A3956D46DE8}") = "0 - Common", "0 - Common", "{3AA1D28A-D724-469C-B40F-FB8BAD725CED}"
EndProject
Project("{9A19103F-16F7-4668-BE54-9A1E7A4F7556}") = "DiaryService.Api", "DiaryService\DiaryService.Api\DiaryService.Api.csproj", "{A86F76C4-0A7A-4826-B44F-E986B6AC4D5B}"
EndProject
Project("{9A19103F-16F7-4668-BE54-9A1E7A4F7556}") = "DiaryService.Servcies", "DiaryService\DiaryService.Servcies\DiaryService.Servcies.csproj", "{3BDB1E74-8E55-4831-ADFC-084BB5927116}"
EndProject
Project("{9A19103F-16F7-4668-BE54-9A1E7A4F7556}") = "IdentityService.Domain", "IdentityService\IdentityService.Domain\IdentityService.Domain.csproj", "{269422E8-757A-4650-8987-EE4434941707}"
EndProject
Project("{9A19103F-16F7-4668-BE54-9A1E7A4F7556}") = "DiaryService.Persistance", "DiaryService\DiaryService.Persistance\DiaryService.Persistance.csproj", "{E07DE2A0-2E30-4327-B058-5E308A309477}"
EndProject
Project("{9A19103F-16F7-4668-BE54-9A1E7A4F7556}") = "DiaryService.Domain", "DiaryService\DiaryService.Domain\DiaryService.Domain.csproj", "{91FDF4D4-DC9E-4305-A3E3-C51B6B4E0A03}"
EndProject
Project("{9A19103F-16F7-4668-BE54-9A1E7A4F7556}") = "AdministrationService.Api", "AdministrationService\AdministrationService.Api\AdministrationService.Api.csproj", "{E46328D3-38CC-4B36-922B-FE265CD884F8}"
EndProject
Project("{9A19103F-16F7-4668-BE54-9A1E7A4F7556}") = "AdministrationService.Servcies", "AdministrationService\AdministrationService.Servcies\AdministrationService.Servcies.csproj", "{67DA8788-7F64-4B11-9D94-90725DB11260}"
EndProject
Project("{9A19103F-16F7-4668-BE54-9A1E7A4F7556}") = "AdministrationService.Domain", "AdministrationService\AdministrationService.Domain\AdministrationService.Domain.csproj", "{CC828437-8A0F-40E3-AFE3-336FC6F7D43D}"
EndProject
Project("{9A19103F-16F7-4668-BE54-9A1E7A4F7556}") = "AdministrationService.Persistance", "AdministrationService\AdministrationService.Persistance\AdministrationService.Persistance.csproj", "{228848FB-A365-44F2-86F7-7C98A49B7E6A}"
EndProject
Project("{2150E333-8FDC-42A3-9474-1A3956D46DE8}") = "4 - Functions", "4 - Functions", "{79371065-215E-4009-8DC8-9DEB440EB3B2}"
EndProject
Project("{9A19103F-16F7-4668-BE54-9A1E7A4F7556}") = "DiaryFunctions", "Functions\DiaryFunctions\DiaryFunctions.csproj", "{21679F91-DC3C-4CC6-95AE-DDA0CA2B04C4}"
EndProject
Project("{9A19103F-16F7-4668-BE54-9A1E7A4F7556}") = "Common.Auth", "Common\Common.Auth\Common.Auth.csproj", "{28135F04-DCA8-49DA-AE6E-247E4B12DCA7}"
EndProject
Project("{FAE04EC0-301F-11D3-BF4B-00C04F79EFBC}") = "Common.Persistance", "Common.Persistance\Common.Persistance.csproj", "{7967E65F-57C2-4C17-87C7-61931F16BFC7}"
EndProject
Global
	GlobalSection(SolutionConfigurationPlatforms) = preSolution
		Debug|Any CPU = Debug|Any CPU
		Release|Any CPU = Release|Any CPU
	EndGlobalSection
	GlobalSection(ProjectConfigurationPlatforms) = postSolution
		{45F05BAD-7FFA-461C-8480-762B6869D8D4}.Debug|Any CPU.ActiveCfg = Debug|Any CPU
		{45F05BAD-7FFA-461C-8480-762B6869D8D4}.Debug|Any CPU.Build.0 = Debug|Any CPU
		{45F05BAD-7FFA-461C-8480-762B6869D8D4}.Release|Any CPU.ActiveCfg = Release|Any CPU
		{45F05BAD-7FFA-461C-8480-762B6869D8D4}.Release|Any CPU.Build.0 = Release|Any CPU
		{787782F3-73FB-4BA8-99DB-DA7673CE33C7}.Debug|Any CPU.ActiveCfg = Debug|Any CPU
		{787782F3-73FB-4BA8-99DB-DA7673CE33C7}.Debug|Any CPU.Build.0 = Debug|Any CPU
		{787782F3-73FB-4BA8-99DB-DA7673CE33C7}.Release|Any CPU.ActiveCfg = Release|Any CPU
		{787782F3-73FB-4BA8-99DB-DA7673CE33C7}.Release|Any CPU.Build.0 = Release|Any CPU
		{80A42B94-0B1D-4221-ACB3-5ADFD673C717}.Debug|Any CPU.ActiveCfg = Debug|Any CPU
		{80A42B94-0B1D-4221-ACB3-5ADFD673C717}.Debug|Any CPU.Build.0 = Debug|Any CPU
		{80A42B94-0B1D-4221-ACB3-5ADFD673C717}.Release|Any CPU.ActiveCfg = Release|Any CPU
		{80A42B94-0B1D-4221-ACB3-5ADFD673C717}.Release|Any CPU.Build.0 = Release|Any CPU
		{A86F76C4-0A7A-4826-B44F-E986B6AC4D5B}.Debug|Any CPU.ActiveCfg = Debug|Any CPU
		{A86F76C4-0A7A-4826-B44F-E986B6AC4D5B}.Debug|Any CPU.Build.0 = Debug|Any CPU
		{A86F76C4-0A7A-4826-B44F-E986B6AC4D5B}.Release|Any CPU.ActiveCfg = Release|Any CPU
		{A86F76C4-0A7A-4826-B44F-E986B6AC4D5B}.Release|Any CPU.Build.0 = Release|Any CPU
		{3BDB1E74-8E55-4831-ADFC-084BB5927116}.Debug|Any CPU.ActiveCfg = Debug|Any CPU
		{3BDB1E74-8E55-4831-ADFC-084BB5927116}.Debug|Any CPU.Build.0 = Debug|Any CPU
		{3BDB1E74-8E55-4831-ADFC-084BB5927116}.Release|Any CPU.ActiveCfg = Release|Any CPU
		{3BDB1E74-8E55-4831-ADFC-084BB5927116}.Release|Any CPU.Build.0 = Release|Any CPU
		{269422E8-757A-4650-8987-EE4434941707}.Debug|Any CPU.ActiveCfg = Debug|Any CPU
		{269422E8-757A-4650-8987-EE4434941707}.Debug|Any CPU.Build.0 = Debug|Any CPU
		{269422E8-757A-4650-8987-EE4434941707}.Release|Any CPU.ActiveCfg = Release|Any CPU
		{269422E8-757A-4650-8987-EE4434941707}.Release|Any CPU.Build.0 = Release|Any CPU
		{E07DE2A0-2E30-4327-B058-5E308A309477}.Debug|Any CPU.ActiveCfg = Debug|Any CPU
		{E07DE2A0-2E30-4327-B058-5E308A309477}.Debug|Any CPU.Build.0 = Debug|Any CPU
		{E07DE2A0-2E30-4327-B058-5E308A309477}.Release|Any CPU.ActiveCfg = Release|Any CPU
		{E07DE2A0-2E30-4327-B058-5E308A309477}.Release|Any CPU.Build.0 = Release|Any CPU
		{91FDF4D4-DC9E-4305-A3E3-C51B6B4E0A03}.Debug|Any CPU.ActiveCfg = Debug|Any CPU
		{91FDF4D4-DC9E-4305-A3E3-C51B6B4E0A03}.Debug|Any CPU.Build.0 = Debug|Any CPU
		{91FDF4D4-DC9E-4305-A3E3-C51B6B4E0A03}.Release|Any CPU.ActiveCfg = Release|Any CPU
		{91FDF4D4-DC9E-4305-A3E3-C51B6B4E0A03}.Release|Any CPU.Build.0 = Release|Any CPU
		{E46328D3-38CC-4B36-922B-FE265CD884F8}.Debug|Any CPU.ActiveCfg = Debug|Any CPU
		{E46328D3-38CC-4B36-922B-FE265CD884F8}.Debug|Any CPU.Build.0 = Debug|Any CPU
		{E46328D3-38CC-4B36-922B-FE265CD884F8}.Release|Any CPU.ActiveCfg = Release|Any CPU
		{E46328D3-38CC-4B36-922B-FE265CD884F8}.Release|Any CPU.Build.0 = Release|Any CPU
		{67DA8788-7F64-4B11-9D94-90725DB11260}.Debug|Any CPU.ActiveCfg = Debug|Any CPU
		{67DA8788-7F64-4B11-9D94-90725DB11260}.Debug|Any CPU.Build.0 = Debug|Any CPU
		{67DA8788-7F64-4B11-9D94-90725DB11260}.Release|Any CPU.ActiveCfg = Release|Any CPU
		{67DA8788-7F64-4B11-9D94-90725DB11260}.Release|Any CPU.Build.0 = Release|Any CPU
		{CC828437-8A0F-40E3-AFE3-336FC6F7D43D}.Debug|Any CPU.ActiveCfg = Debug|Any CPU
		{CC828437-8A0F-40E3-AFE3-336FC6F7D43D}.Debug|Any CPU.Build.0 = Debug|Any CPU
		{CC828437-8A0F-40E3-AFE3-336FC6F7D43D}.Release|Any CPU.ActiveCfg = Release|Any CPU
		{CC828437-8A0F-40E3-AFE3-336FC6F7D43D}.Release|Any CPU.Build.0 = Release|Any CPU
		{228848FB-A365-44F2-86F7-7C98A49B7E6A}.Debug|Any CPU.ActiveCfg = Debug|Any CPU
		{228848FB-A365-44F2-86F7-7C98A49B7E6A}.Debug|Any CPU.Build.0 = Debug|Any CPU
		{228848FB-A365-44F2-86F7-7C98A49B7E6A}.Release|Any CPU.ActiveCfg = Release|Any CPU
		{228848FB-A365-44F2-86F7-7C98A49B7E6A}.Release|Any CPU.Build.0 = Release|Any CPU
		{21679F91-DC3C-4CC6-95AE-DDA0CA2B04C4}.Debug|Any CPU.ActiveCfg = Debug|Any CPU
		{21679F91-DC3C-4CC6-95AE-DDA0CA2B04C4}.Debug|Any CPU.Build.0 = Debug|Any CPU
		{21679F91-DC3C-4CC6-95AE-DDA0CA2B04C4}.Release|Any CPU.ActiveCfg = Release|Any CPU
		{21679F91-DC3C-4CC6-95AE-DDA0CA2B04C4}.Release|Any CPU.Build.0 = Release|Any CPU
		{28135F04-DCA8-49DA-AE6E-247E4B12DCA7}.Debug|Any CPU.ActiveCfg = Debug|Any CPU
		{28135F04-DCA8-49DA-AE6E-247E4B12DCA7}.Debug|Any CPU.Build.0 = Debug|Any CPU
		{28135F04-DCA8-49DA-AE6E-247E4B12DCA7}.Release|Any CPU.ActiveCfg = Release|Any CPU
		{28135F04-DCA8-49DA-AE6E-247E4B12DCA7}.Release|Any CPU.Build.0 = Release|Any CPU
		{7967E65F-57C2-4C17-87C7-61931F16BFC7}.Debug|Any CPU.ActiveCfg = Debug|Any CPU
		{7967E65F-57C2-4C17-87C7-61931F16BFC7}.Debug|Any CPU.Build.0 = Debug|Any CPU
		{7967E65F-57C2-4C17-87C7-61931F16BFC7}.Release|Any CPU.ActiveCfg = Release|Any CPU
		{7967E65F-57C2-4C17-87C7-61931F16BFC7}.Release|Any CPU.Build.0 = Release|Any CPU
	EndGlobalSection
	GlobalSection(SolutionProperties) = preSolution
		HideSolutionNode = FALSE
	EndGlobalSection
	GlobalSection(NestedProjects) = preSolution
		{45F05BAD-7FFA-461C-8480-762B6869D8D4} = {FDC7CA76-E212-427F-99D5-2906626CFF38}
		{787782F3-73FB-4BA8-99DB-DA7673CE33C7} = {FDC7CA76-E212-427F-99D5-2906626CFF38}
		{80A42B94-0B1D-4221-ACB3-5ADFD673C717} = {FDC7CA76-E212-427F-99D5-2906626CFF38}
		{A86F76C4-0A7A-4826-B44F-E986B6AC4D5B} = {5DC5F7BA-292E-4AEA-8C4F-9481D260CE78}
		{3BDB1E74-8E55-4831-ADFC-084BB5927116} = {5DC5F7BA-292E-4AEA-8C4F-9481D260CE78}
		{269422E8-757A-4650-8987-EE4434941707} = {FDC7CA76-E212-427F-99D5-2906626CFF38}
		{E07DE2A0-2E30-4327-B058-5E308A309477} = {5DC5F7BA-292E-4AEA-8C4F-9481D260CE78}
		{91FDF4D4-DC9E-4305-A3E3-C51B6B4E0A03} = {5DC5F7BA-292E-4AEA-8C4F-9481D260CE78}
		{E46328D3-38CC-4B36-922B-FE265CD884F8} = {62D3AEBB-F2D2-49B3-9328-E95B7C5E2089}
		{67DA8788-7F64-4B11-9D94-90725DB11260} = {62D3AEBB-F2D2-49B3-9328-E95B7C5E2089}
		{CC828437-8A0F-40E3-AFE3-336FC6F7D43D} = {62D3AEBB-F2D2-49B3-9328-E95B7C5E2089}
		{228848FB-A365-44F2-86F7-7C98A49B7E6A} = {62D3AEBB-F2D2-49B3-9328-E95B7C5E2089}
		{21679F91-DC3C-4CC6-95AE-DDA0CA2B04C4} = {79371065-215E-4009-8DC8-9DEB440EB3B2}
		{28135F04-DCA8-49DA-AE6E-247E4B12DCA7} = {3AA1D28A-D724-469C-B40F-FB8BAD725CED}
		{7967E65F-57C2-4C17-87C7-61931F16BFC7} = {3AA1D28A-D724-469C-B40F-FB8BAD725CED}
	EndGlobalSection
	GlobalSection(ExtensibilityGlobals) = postSolution
		SolutionGuid = {02E1B05D-1DC7-4894-A9D5-FEAF03301B8C}
	EndGlobalSection
EndGlobal
